
Microsoft Visual Studio Solution File, Format Version 12.00
# Visual Studio 2013
VisualStudioVersion = 12.0.30501.0
MinimumVisualStudioVersion = 10.0.40219.1
Project("{FAE04EC0-301F-11D3-BF4B-00C04F79EFBC}") = "RacingAdmin", "RacingAdmin\RacingAdmin.csproj", "{78299655-9A70-4D0C-9256-85C6A8341A8B}"
	ProjectSection(ProjectDependencies) = postProject
		{FC8BD661-0D68-43E6-807F-2DA85DA2F5D0} = {FC8BD661-0D68-43E6-807F-2DA85DA2F5D0}
	EndProjectSection
EndProject
Project("{FAE04EC0-301F-11D3-BF4B-00C04F79EFBC}") = "RacingObjects", "RacingObjects\RacingObjects.csproj", "{FC8BD661-0D68-43E6-807F-2DA85DA2F5D0}"
EndProject
Global
	GlobalSection(SolutionConfigurationPlatforms) = preSolution
		Debug|Any CPU = Debug|Any CPU
		Release|Any CPU = Release|Any CPU
	EndGlobalSection
	GlobalSection(ProjectConfigurationPlatforms) = postSolution
		{78299655-9A70-4D0C-9256-85C6A8341A8B}.Debug|Any CPU.ActiveCfg = Debug|Any CPU
		{78299655-9A70-4D0C-9256-85C6A8341A8B}.Debug|Any CPU.Build.0 = Debug|Any CPU
		{78299655-9A70-4D0C-9256-85C6A8341A8B}.Release|Any CPU.ActiveCfg = Release|Any CPU
		{78299655-9A70-4D0C-9256-85C6A8341A8B}.Release|Any CPU.Build.0 = Release|Any CPU
		{FC8BD661-0D68-43E6-807F-2DA85DA2F5D0}.Debug|Any CPU.ActiveCfg = Debug|Any CPU
		{FC8BD661-0D68-43E6-807F-2DA85DA2F5D0}.Debug|Any CPU.Build.0 = Debug|Any CPU
		{FC8BD661-0D68-43E6-807F-2DA85DA2F5D0}.Release|Any CPU.ActiveCfg = Release|Any CPU
		{FC8BD661-0D68-43E6-807F-2DA85DA2F5D0}.Release|Any CPU.Build.0 = Release|Any CPU
	EndGlobalSection
	GlobalSection(SolutionProperties) = preSolution
		HideSolutionNode = FALSE
	EndGlobalSection
EndGlobal
